lockfileVersion: '6.0'

settings:
  autoInstallPeers: true
  excludeLinksFromLockfile: false

dependencies:
  fast-xml-parser:
    specifier: ^4.2.7
    version: 4.2.7
  webtorrent:
    specifier: ^2.1.25
    version: 2.1.25

packages:

  /@silentbot1/nat-api@0.4.7:
    resolution: {integrity: sha512-6aKXUf4AY6ETBdwjswQOekY6HGj3eZTAUhJx1oYicBqpMJcsphIydEQKp/Hooz6Y070MOI6tD/oT1MgS7bP3Vg==}
    engines: {node: '>=10.0.0'}
    dependencies:
      chrome-dgram: 3.0.6
      cross-fetch-ponyfill: 1.0.3
      debug: 4.3.4
      default-gateway: 6.0.3
      unordered-array-remove: 1.0.2
      xml2js: 0.6.2
    transitivePeerDependencies:
      - supports-color
    dev: false

  /@thaunknown/idb-chunk-store@1.0.2:
    resolution: {integrity: sha512-UdKshbKdHDP+p0XPdv55QiU/scdB9TzvovGFSgXThf+7Yd3noLeYp6KpkYyc1jzUXvI3/8+TemPeASOimrOXvw==}
    dependencies:
      idb: 6.1.5
      queue-microtask: 1.2.3
    dev: false

  /@thaunknown/simple-peer@9.12.1:
    resolution: {integrity: sha512-IS5BXvXx7cvBAzaxqotJf4s4rJCPk5JABLK6Gbnn7oAmWVcH4hYABabBBrvvJtv/xyUqR4v/H3LalnGRJJfEog==}
    dependencies:
      debug: 4.3.4
      err-code: 3.0.1
      get-browser-rtc: 1.1.0
      queue-microtask: 1.2.3
      streamx: 2.15.1
      uint8-util: 2.2.4
    transitivePeerDependencies:
      - supports-color
    dev: false

  /@thaunknown/simple-websocket@9.1.1(bufferutil@4.0.7)(utf-8-validate@5.0.10):
    resolution: {integrity: sha512-vzQloFWRodRZqZhpxMpBljFtISesY8TihA8T5uKwCYdj2I1ImMhE/gAeTCPsCGOtxJfGKu3hw/is6MXauWLjOg==}
    dependencies:
      debug: 4.3.4
      queue-microtask: 1.2.3
      streamx: 2.15.1
      uint8-util: 2.2.4
      ws: 8.14.2(bufferutil@4.0.7)(utf-8-validate@5.0.10)
    transitivePeerDependencies:
      - bufferutil
      - supports-color
      - utf-8-validate
    dev: false

  /@thaunknown/thirty-two@1.0.3:
    resolution: {integrity: sha512-bD6PvWbaf53JC04O7WnGDjqZBDgja/KT2Jd/6I2vJBIy+DLmQfQJZZ/G+16nAkVq1yGTIkO4rfc4RlH0DmEEqA==}
    engines: {node: '>=0.2.6'}
    dependencies:
      uint8-util: 2.2.4
    dev: false

  /@webtorrent/http-node@1.3.0:
    resolution: {integrity: sha512-GWZQKroPES4z91Ijx6zsOsb7+USOxjy66s8AoTWg0HiBBdfnbtf9aeh3Uav0MgYn4BL8Q7tVSUpd0gGpngKGEQ==}
    dependencies:
      freelist: 1.0.3
      http-parser-js: 0.4.13
    dev: false

  /abort-controller@3.0.0:
    resolution: {integrity: sha512-h8lQ8tacZYnR3vNQTgibj+tODHI5/+l06Au2Pcriv/Gmet0eaj4TwWH41sO9wnHDiQsEj19q0drzdWdeAHtweg==}
    engines: {node: '>=6.5'}
    dependencies:
      event-target-shim: 5.0.1
    dev: false

  /addr-to-ip-port@2.0.0:
    resolution: {integrity: sha512-9bYbtjamtdLHZSqVIUXhilOryNPiL+x+Q5J/Unpg4VY3ZIkK3fT52UoErj1NdUeVm3J1t2iBEAur4Ywbl/bahw==}
    engines: {node: '>=12.20.0'}
    dev: false

  /b4a@1.6.4:
    resolution: {integrity: sha512-fpWrvyVHEKyeEvbKZTVOeZF3VSKKWtJxFIxX/jaVPf+cLbGUSitjb49pHLqPV2BUNNZ0LcoeEGfE/YCpyDYHIw==}
    dev: false

  /base64-arraybuffer@1.0.2:
    resolution: {integrity: sha512-I3yl4r9QB5ZRY3XuJVEPfc2XhZO6YweFPI+UovAzn+8/hb3oJ6lnysaFcjVpkCPfVWFUDvoZ8kmVDP7WyRtYtQ==}
    engines: {node: '>= 0.6.0'}
    dev: false

  /bencode@2.0.3:
    resolution: {integrity: sha512-D/vrAD4dLVX23NalHwb8dSvsUsxeRPO8Y7ToKA015JQYq69MLDOMkC0uGZYA/MPpltLO8rt8eqFC2j8DxjTZ/w==}
    dev: false

  /bencode@4.0.0:
    resolution: {integrity: sha512-AERXw18df0pF3ziGOCyUjqKZBVNH8HV3lBxnx5w0qtgMIk4a1wb9BkcCQbkp9Zstfrn/dzRwl7MmUHHocX3sRQ==}
    engines: {node: '>=12.20.0'}
    dependencies:
      uint8-util: 2.2.4
    dev: false

  /bep53-range@2.0.0:
    resolution: {integrity: sha512-sMm2sV5PRs0YOVk0LTKtjuIprVzxgTQUsrGX/7Yph2Rm4FO2Fqqtq7hNjsOB5xezM4v4+5rljCgK++UeQJZguA==}
    engines: {node: '>=12.20.0'}
    dev: false

  /bitfield@4.1.0:
    resolution: {integrity: sha512-6cEDG3K+PK9f+B7WyhWYjp09bqSa+uaAaecVA7Y5giFixyVe1s6HKGnvOqYNR4Mi4fBMjfDPLBpHkKvzzgP7kg==}
    engines: {node: '>=8'}
    dev: false

  /bittorrent-dht@11.0.5:
    resolution: {integrity: sha512-R09D6uNaziRqsc+B/j5QzkjceTak+wH9vcNLnkmt8A52EWF9lQwBP0vvCKgSA3AJOYYl+41n3osA2KYYn/z5uQ==}
    engines: {node: '>=12.20.0'}
    dependencies:
      bencode: 4.0.0
      debug: 4.3.4
      k-bucket: 5.1.0
      k-rpc: 5.1.0
      last-one-wins: 1.0.4
      lru: 3.1.0
      randombytes: 2.1.0
      record-cache: 1.2.0
    transitivePeerDependencies:
      - supports-color
    dev: false

  /bittorrent-lsd@2.0.0:
    resolution: {integrity: sha512-jV+SMTGNY1iGWjf5cPA2HMeA6axuMQRWwWELtsuZ1FmQmZwC74we92nwtDTfv1WMnLx+oqEjWRri42IHjZitSQ==}
    engines: {node: '>=12.20.0'}
    dependencies:
      chrome-dgram: 3.0.6
      debug: 4.3.4
    transitivePeerDependencies:
      - supports-color
    dev: false

  /bittorrent-peerid@1.3.6:
    resolution: {integrity: sha512-VyLcUjVMEOdSpHaCG/7odvCdLbAB1y3l9A2V6WIje24uV7FkJPrQrH/RrlFmKxP89pFVDEnE+YlHaFujlFIZsg==}
    dev: false

  /bittorrent-protocol@4.1.11:
    resolution: {integrity: sha512-8ehCNnnRpxB6wrqDzYdLY6Bx0k1ZcXwHmxfVsU9xljolgfd4jhUq9gKcbnnUj4yR8I5/qHJ5fYVoGIfrmUlAAQ==}
    engines: {node: '>=12.20.0'}
    dependencies:
      bencode: 4.0.0
      bitfield: 4.1.0
      debug: 4.3.4
      rc4: 0.1.5
      streamx: 2.15.1
      throughput: 1.0.1
      uint8-util: 2.2.4
      unordered-array-remove: 1.0.2
    transitivePeerDependencies:
      - supports-color
    dev: false

  /bittorrent-tracker@10.0.12:
    resolution: {integrity: sha512-EYQEwhOYkrRiiwkCFcM9pbzJInsAe7UVmUgevW133duwlZzjwf5ABwDE7pkkmNRS6iwN0b8LbI/94q16dYqiow==}
    engines: {node: '>=12.20.0'}
    hasBin: true
    dependencies:
      '@thaunknown/simple-peer': 9.12.1
      '@thaunknown/simple-websocket': 9.1.1(bufferutil@4.0.7)(utf-8-validate@5.0.10)
      bencode: 4.0.0
      bittorrent-peerid: 1.3.6
      chrome-dgram: 3.0.6
      clone: 2.1.2
      compact2string: 1.4.1
      debug: 4.3.4
      ip: 1.1.8
      lru: 3.1.0
      minimist: 1.2.8
      once: 1.4.0
      queue-microtask: 1.2.3
      random-iterate: 1.0.1
      run-parallel: 1.2.0
      run-series: 1.1.9
      simple-get: 4.0.1
      socks: 2.7.1
      string2compact: 2.0.1
      uint8-util: 2.2.4
      unordered-array-remove: 1.0.2
      ws: 8.14.2(bufferutil@4.0.7)(utf-8-validate@5.0.10)
    optionalDependencies:
      bufferutil: 4.0.7
      utf-8-validate: 5.0.10
    transitivePeerDependencies:
      - supports-color
    dev: false

  /block-iterator@1.1.1:
    resolution: {integrity: sha512-DrjdVWZemVO4iBf4tiOXjUrY5cNesjzy0t7sIiu2rdl8cOCHRxAgKjSJFc3vBZYYMMmshUAxajl8QQh/uxXTKQ==}
    dev: false

  /bufferutil@4.0.7:
    resolution: {integrity: sha512-kukuqc39WOHtdxtw4UScxF/WVnMFVSQVKhtx3AjZJzhd0RGZZldcrfSEbVsWWe6KNH253574cq5F+wpv0G9pJw==}
    engines: {node: '>=6.14.2'}
    requiresBuild: true
    dependencies:
      node-gyp-build: 4.6.1
    dev: false

  /cache-chunk-store@3.2.2:
    resolution: {integrity: sha512-2lJdWbgHFFxcSth9s2wpId3CR3v1YC63KjP4T9WhpW7LWlY7Hiiei3QwwqzkWqlJTfR8lSy9F5kRQECeyj+yQA==}
    dependencies:
      lru: 3.1.0
      queue-microtask: 1.2.3
    dev: false

  /chrome-dgram@3.0.6:
    resolution: {integrity: sha512-bqBsUuaOiXiqxXt/zA/jukNJJ4oaOtc7ciwqJpZVEaaXwwxqgI2/ZdG02vXYWUhHGziDlvGMQWk0qObgJwVYKA==}
    dependencies:
      inherits: 2.0.4
      run-series: 1.1.9
    dev: false

  /chrome-dns@1.0.1:
    resolution: {integrity: sha512-HqsYJgIc8ljJJOqOzLphjAs79EUuWSX3nzZi2LNkzlw3GIzAeZbaSektC8iT/tKvLqZq8yl1GJu5o6doA4TRbg==}
    dependencies:
      chrome-net: 3.3.4
    dev: false

  /chrome-net@3.3.4:
    resolution: {integrity: sha512-Jzy2EnzmE+ligqIZUsmWnck9RBXLuUy6CaKyuNMtowFG3ZvLt8d+WBJCTPEludV0DHpIKjAOlwjFmTaEdfdWCw==}
    dependencies:
      inherits: 2.0.4
    dev: false

  /chunk-store-iterator@1.0.3:
    resolution: {integrity: sha512-JcSaB5h3wQstQKnaJi8sET40f0m+6Kh4mhKIr05lrWKi+EiQzn6XUoi6LipgRGMqXWNZZJaMz2tH4aeg4ptBDA==}
    dependencies:
      block-iterator: 1.1.1
    dev: false

  /clone@2.1.2:
    resolution: {integrity: sha512-3Pe/CF1Nn94hyhIYpjtiLhdCoEoz0DqQ+988E9gmeEdQZlojxnOb74wctFyuwWQHzqyf9X7C7MG8juUpqBJT8w==}
    engines: {node: '>=0.8'}
    dev: false

  /compact2string@1.4.1:
    resolution: {integrity: sha512-3D+EY5nsRhqnOwDxveBv5T8wGo4DEvYxjDtPGmdOX+gfr5gE92c2RC0w2wa+xEefm07QuVqqcF3nZJUZ92l/og==}
    dependencies:
      ipaddr.js: 2.1.0
    dev: false

  /cpus@1.0.3:
    resolution: {integrity: sha512-PXHBvGLuL69u55IkLa5e5838fLhIMHxmkV4ge42a8alGyn7BtawYgI0hQ849EedvtHIOLNNH3i6eQU1BiE9SUA==}
    dev: false

  /create-torrent@6.0.15:
    resolution: {integrity: sha512-+FPYgumN6OEFTjxzSF7S7306DXu74fNF5m7CGiu+n2U+yXThnIAy9gelWjhqcndxVN2a7DKlLHqrRlr25HOQ8A==}
    engines: {node: '>=12'}
    hasBin: true
    dependencies:
      bencode: 4.0.0
      block-iterator: 1.1.1
      fast-readable-async-iterator: 1.1.1
      is-file: 1.0.0
      join-async-iterator: 1.1.1
      junk: 4.0.1
      minimist: 1.2.8
      once: 1.4.0
      piece-length: 2.0.1
      queue-microtask: 1.2.3
      run-parallel: 1.2.0
      uint8-util: 2.2.4
    dev: false

  /cross-fetch-ponyfill@1.0.3:
    resolution: {integrity: sha512-uOBkDhUAGAbx/FEzNKkOfx3w57H8xReBBXoZvUnOKTI0FW0Xvrj3GrYv2iZXUqlffC1LMGfQzhmBM/ke+6eTDA==}
    dependencies:
      abort-controller: 3.0.0
      node-fetch: 3.3.2
    dev: false

  /cross-spawn@7.0.3:
    resolution: {integrity: sha512-iRDPJKUPVEND7dHPO8rkbOnPpyDygcDFtWjpeWNCgy8WP2rXcxXL8TskReQl6OrB2G7+UJrags1q15Fudc7G6w==}
    engines: {node: '>= 8'}
    dependencies:
      path-key: 3.1.1
      shebang-command: 2.0.0
      which: 2.0.2
    dev: false

  /data-uri-to-buffer@4.0.1:
    resolution: {integrity: sha512-0R9ikRb668HB7QDxT1vkpuUBtqc53YyAwMwGeUFKRojY/NWKvdZ+9UYtRfGmhqNbRkTSVpMbmyhXipFFv2cb/A==}
    engines: {node: '>= 12'}
    dev: false

  /debug@4.3.4:
    resolution: {integrity: sha512-PRWFHuSU3eDtQJPvnNY7Jcket1j0t5OuOsFzPPzsekD52Zl8qUfFIPEiswXqIvHWGVHOgX+7G/vCNNhehwxfkQ==}
    engines: {node: '>=6.0'}
    peerDependencies:
      supports-color: '*'
    peerDependenciesMeta:
      supports-color:
        optional: true
    dependencies:
      ms: 2.1.2
    dev: false

  /decompress-response@6.0.0:
    resolution: {integrity: sha512-aW35yZM6Bb/4oJlZncMH2LCoZtJXTRxES17vE3hoRiowU2kWHaJKFkSBDnDR+cm9J+9QhXmREyIfv0pji9ejCQ==}
    engines: {node: '>=10'}
    dependencies:
      mimic-response: 3.1.0
    dev: false

  /default-gateway@6.0.3:
    resolution: {integrity: sha512-fwSOJsbbNzZ/CUFpqFBqYfYNLj1NbMPm8MMCIzHjC83iSJRBEGmDUxU+WP661BaBQImeC2yHwXtz+P/O9o+XEg==}
    engines: {node: '>= 10'}
    dependencies:
      execa: 5.1.1
    dev: false

  /end-of-stream@1.4.4:
    resolution: {integrity: sha512-+uw1inIHVPQoaVuHzRyXd21icM+cnt4CzD5rW+NC1wjOUSTOs+Te7FOv7AhN7vS9x/oIyhLP5PR1H+phQAHu5Q==}
    dependencies:
      once: 1.4.0
    dev: false

  /err-code@3.0.1:
    resolution: {integrity: sha512-GiaH0KJUewYok+eeY05IIgjtAe4Yltygk9Wqp1V5yVWLdhf0hYZchRjNIT9bb0mSwRcIusT3cx7PJUf3zEIfUA==}
    dev: false

  /escape-html@1.0.3:
    resolution: {integrity: sha512-NiSupZ4OeuGwr68lGIeym/ksIZMJodUGOSCZ/FSnTxcrekbvqrgdUxlJOMpijaKZVjAJrWrGs/6Jy8OMuyj9ow==}
    dev: false

  /event-target-shim@5.0.1:
    resolution: {integrity: sha512-i/2XbnSz/uxRCU6+NdVJgKWDTM427+MqYbkQzD321DuCQJUqOuJKIA0IM2+W2xtYHdKOmZ4dR6fExsd4SXL+WQ==}
    engines: {node: '>=6'}
    dev: false

  /events@3.3.0:
    resolution: {integrity: sha512-mQw+2fkQbALzQ7V0MY0IqdnXNOeTtP4r0lN9z7AAawCXgqea7bDii20AYrIBrFd/Hx0M2Ocz6S111CaFkUcb0Q==}
    engines: {node: '>=0.8.x'}
    dev: false

  /execa@5.1.1:
    resolution: {integrity: sha512-8uSpZZocAZRBAPIEINJj3Lo9HyGitllczc27Eh5YYojjMFMn8yHMDMaUHE2Jqfq05D/wucwI4JGURyXt1vchyg==}
    engines: {node: '>=10'}
    dependencies:
      cross-spawn: 7.0.3
      get-stream: 6.0.1
      human-signals: 2.1.0
      is-stream: 2.0.1
      merge-stream: 2.0.0
      npm-run-path: 4.0.1
      onetime: 5.1.2
      signal-exit: 3.0.7
      strip-final-newline: 2.0.0
    dev: false

  /fast-fifo@1.3.2:
    resolution: {integrity: sha512-/d9sfos4yxzpwkDkuN7k2SqFKtYNmCTzgfEpz82x34IM9/zc8KGxQoXg1liNC/izpRM/MBdt44Nmx41ZWqk+FQ==}
    dev: false

  /fast-readable-async-iterator@1.1.1:
    resolution: {integrity: sha512-xEHkLUEmStETI+15zhglJLO9TjXxNkkp2ldEfYVZdcqxFhM172EfGl1irI6mVlTxXspYKH1/kjevnt/XSsPeFA==}
    dev: false

  /fast-xml-parser@4.2.7:
    resolution: {integrity: sha512-J8r6BriSLO1uj2miOk1NW0YVm8AGOOu3Si2HQp/cSmo6EA4m3fcwu2WKjJ4RK9wMLBtg69y1kS8baDiQBR41Ig==}
    hasBin: true
    dependencies:
      strnum: 1.0.5
    dev: false

  /fetch-blob@3.2.0:
    resolution: {integrity: sha512-7yAQpD2UMJzLi1Dqv7qFYnPbaPx7ZfFK6PiIxQ4PfkGPyNyl2Ugx+a/umUonmKqjhM4DnfbMvdX6otXq83soQQ==}
    engines: {node: ^12.20 || >= 14.13}
    dependencies:
      node-domexception: 1.0.0
      web-streams-polyfill: 3.2.1
    dev: false

  /filename-reserved-regex@3.0.0:
    resolution: {integrity: sha512-hn4cQfU6GOT/7cFHXBqeBg2TbrMBgdD0kcjLhvSQYYwm3s4B6cjvBfb7nBALJLAXqmU5xajSa7X2NnUud/VCdw==}
    engines: {node: ^12.20.0 || ^14.13.1 || >=16.0.0}
    dev: false

  /formdata-polyfill@4.0.10:
    resolution: {integrity: sha512-buewHzMvYL29jdeQTVILecSaZKnt/RJWjoZCF5OW60Z67/GmSLBkOFM7qh1PI3zFNtJbaZL5eQu1vLfazOwj4g==}
    engines: {node: '>=12.20.0'}
    dependencies:
      fetch-blob: 3.2.0
    dev: false

  /freelist@1.0.3:
    resolution: {integrity: sha512-Ji7fEnMdZDGbS5oXElpRJsn9jPvBR8h/037D3bzreNmS8809cISq/2D9//JbA/TaZmkkN8cmecXwmQHmM+NHhg==}
    dev: false

  /fs-chunk-store@4.1.0:
    resolution: {integrity: sha512-8apaYPaENIVUjVGqjo+Yg5/Hv7qL2fijWV+XGMCs3MR07o9DZZVMpF7dclxdjYotSjLdUGVPhqaJn+eAx6NLYQ==}
    engines: {node: '>=12.20.0'}
    dependencies:
      filename-reserved-regex: 3.0.0
      queue-microtask: 1.2.3
      random-access-file: 4.0.4
      randombytes: 2.1.0
      run-parallel: 1.2.0
      thunky: 1.1.0
    dev: false

  /fs-native-extensions@1.2.3:
    resolution: {integrity: sha512-DwxIW9fs9o8py05YutQgFcsdcph7nlrg70ncUYXiWAgpAPFza+X7Q/vA2UeyBaK4ekcMmoNzuBVEtU8Ass7Wwg==}
    requiresBuild: true
    dependencies:
      napi-macros: 2.2.2
      node-gyp-build: 4.6.1
    dev: false
    optional: true

  /fsa-chunk-store@1.1.4:
    resolution: {integrity: sha512-Z4SJTYxZIta37RXJofM6HsKrgM9W+pQxiyQuw0bpvsfn1HGXcBWyXZWhsCfi7wbNb6GIlykXZ9Jxwc95IiPMzA==}
    dependencies:
      filename-reserved-regex: 3.0.0
    dev: false

  /get-browser-rtc@1.1.0:
    resolution: {integrity: sha512-MghbMJ61EJrRsDe7w1Bvqt3ZsBuqhce5nrn/XAwgwOXhcsz53/ltdxOse1h/8eKXj5slzxdsz56g5rzOFSGwfQ==}
    dev: false

  /get-stdin@9.0.0:
    resolution: {integrity: sha512-dVKBjfWisLAicarI2Sf+JuBE/DghV4UzNAVe9yhEJuzeREd3JhOTE9cUaJTeSa77fsbQUK3pcOpJfM59+VKZaA==}
    engines: {node: '>=12'}
    dev: false

  /get-stream@6.0.1:
    resolution: {integrity: sha512-ts6Wi+2j3jQjqi70w5AlN8DFnkSwC+MqmxEzdEALB2qXZYV3X/b1CTfgPLGJNMeAWxdPfU8FO1ms3NUfaHCPYg==}
    engines: {node: '>=10'}
    dev: false

  /http-parser-js@0.4.13:
    resolution: {integrity: sha512-u8u5ZaG0Tr/VvHlucK2ufMuOp4/5bvwgneXle+y228K5rMbJOlVjThONcaAw3ikAy8b2OO9RfEucdMHFz3UWMA==}
    dev: false

  /human-signals@2.1.0:
    resolution: {integrity: sha512-B4FFZ6q/T2jhhksgkbEW3HBvWIfDW85snkQgawt07S7J5QXTk6BkNV+0yAeZrM5QpMAdYlocGoljn0sJ/WQkFw==}
    engines: {node: '>=10.17.0'}
    dev: false

  /hybrid-chunk-store@1.2.2:
    resolution: {integrity: sha512-oZtxLfVHWKVKPS8KoYpWgVohEKbq3s90s7a1FwG7+EZFC/8bqZrdX4axlH5tO/g2PnGpZTVxS2YnftyCpydKSw==}
    dependencies:
      '@thaunknown/idb-chunk-store': 1.0.2
      cache-chunk-store: 3.2.2
      fsa-chunk-store: 1.1.4
      memory-chunk-store: 1.3.5
    dev: false

  /idb@6.1.5:
    resolution: {integrity: sha512-IJtugpKkiVXQn5Y+LteyBCNk1N8xpGV3wWZk9EVtZWH8DYkjBn0bX1XnGP9RkyZF0sAcywa6unHqSWKe7q4LGw==}
    dev: false

  /immediate-chunk-store@2.2.0:
    resolution: {integrity: sha512-1bHBna0hCa6arRXicu91IiL9RvvkbNYLVq+mzWdaLGZC3hXvX4doh8e1dLhMKez5siu63CYgO5NrGJbRX5lbPA==}
    dependencies:
      queue-microtask: 1.2.3
    dev: false

  /inherits@2.0.4:
    resolution: {integrity: sha512-k/vGaX4/Yla3WzyMCvTQOXYeIHvqOKtnqBduzTHpzpQZzAskKMhZ2K+EnBiSM9zGSoIFeMpXKxa4dYeZIQqewQ==}
    dev: false

  /ip-set@2.1.0:
    resolution: {integrity: sha512-JdHz4tSMx1IeFj8yEcQU0i58qiSkOlmZXkZ8+HJ0ROV5KcgLRDO9F703oJ1GeZCvqggrcCbmagD/V7hghY62wA==}
    dependencies:
      ip: 1.1.8
    dev: false

  /ip@1.1.8:
    resolution: {integrity: sha512-PuExPYUiu6qMBQb4l06ecm6T6ujzhmh+MeJcW9wa89PoAz5pvd4zPgN5WJV104mb6S2T1AwNIAaB70JNrLQWhg==}
    dev: false

  /ip@2.0.0:
    resolution: {integrity: sha512-WKa+XuLG1A1R0UWhl2+1XQSi+fZWMsYKffMZTTYsiZaUD8k2yDAj5atimTUD2TZkyCkNEeYE5NhFZmupOGtjYQ==}
    dev: false

  /ipaddr.js@2.1.0:
    resolution: {integrity: sha512-LlbxQ7xKzfBusov6UMi4MFpEg0m+mAm9xyNGEduwXMEDuf4WfzB/RZwMVYEd7IKGvh4IUkEXYxtAVu9T3OelJQ==}
    engines: {node: '>= 10'}
    dev: false

  /is-file@1.0.0:
    resolution: {integrity: sha512-ZGMuc+xA8mRnrXtmtf2l/EkIW2zaD2LSBWlaOVEF6yH4RTndHob65V4SwWWdtGKVthQfXPVKsXqw4TDUjbVxVQ==}
    dev: false

  /is-stream@2.0.1:
    resolution: {integrity: sha512-hFoiJiTl63nn+kstHGBtewWSKnQLpyb155KHheA1l39uvtO9nWIop1p3udqPcUd/xbF1VLMO4n7OI6p7RbngDg==}
    engines: {node: '>=8'}
    dev: false

  /isexe@2.0.0:
    resolution: {integrity: sha512-RHxMLp9lnKHGHRng9QFhRCMbYAcVpn69smSGcq3f36xjgVVWThj4qqLbTLlq7Ssj8B+fIQ1EuCEGI2lKsyQeIw==}
    dev: false

  /join-async-iterator@1.1.1:
    resolution: {integrity: sha512-ATse+nuNeKZ9K1y27LKdvPe/GCe9R/u9dw9vI248e+vILeRK3IcJP4JUPAlSmKRCDK0cKhEwfmiw4Skqx7UnGQ==}
    dev: false

  /junk@4.0.1:
    resolution: {integrity: sha512-Qush0uP+G8ZScpGMZvHUiRfI0YBWuB3gVBYlI0v0vvOJt5FLicco+IkP0a50LqTTQhmts/m6tP5SWE+USyIvcQ==}
    engines: {node: '>=12.20'}
    dev: false

  /k-bucket@5.1.0:
    resolution: {integrity: sha512-Fac7iINEovXIWU20GPnOMLUbjctiS+cnmyjC4zAUgvs3XPf1vo9akfCHkigftSic/jiKqKl+KA3a/vFcJbHyCg==}
    dependencies:
      randombytes: 2.1.0
    dev: false

  /k-rpc-socket@1.11.1:
    resolution: {integrity: sha512-8xtA8oqbZ6v1Niryp2/g4GxW16EQh5MvrUylQoOG+zcrDff5CKttON2XUXvMwlIHq4/2zfPVFiinAccJ+WhxoA==}
    dependencies:
      bencode: 2.0.3
      chrome-dgram: 3.0.6
      chrome-dns: 1.0.1
      chrome-net: 3.3.4
    dev: false

  /k-rpc@5.1.0:
    resolution: {integrity: sha512-FGc+n70Hcjoa/X2JTwP+jMIOpBz+pkRffHnSl9yrYiwUxg3FIgD50+u1ePfJUOnRCnx6pbjmVk5aAeB1wIijuQ==}
    dependencies:
      k-bucket: 5.1.0
      k-rpc-socket: 1.11.1
      randombytes: 2.1.0
    dev: false

  /last-one-wins@1.0.4:
    resolution: {integrity: sha512-t+KLJFkHPQk8lfN6WBOiGkiUXoub+gnb2XTYI2P3aiISL+94xgZ1vgz1SXN/N4hthuOoLXarXfBZPUruyjQtfA==}
    dev: false

  /limiter@1.1.5:
    resolution: {integrity: sha512-FWWMIEOxz3GwUI4Ts/IvgVy6LPvoMPgjMdQ185nN6psJyBJ4yOpzqm695/h5umdLJg2vW3GR5iG11MAkR2AzJA==}
    dev: false

  /load-ip-set@3.0.1:
    resolution: {integrity: sha512-ZFZt1g4Exq01SFtKjffqau+L4Qibt+51utymHHiWo8Iu/W7LYSqE7fiZ/iAZ6dIqbmeU6ICSIK02IizSScBkLQ==}
    engines: {node: '>=12.20.0'}
    dependencies:
      cross-fetch-ponyfill: 1.0.3
      ip-set: 2.1.0
      netmask: 2.0.2
      once: 1.4.0
      queue-microtask: 1.2.3
      split: 1.0.1
    dev: false

  /lru@3.1.0:
    resolution: {integrity: sha512-5OUtoiVIGU4VXBOshidmtOsvBIvcQR6FD/RzWSvaeHyxCGB+PCUCu+52lqMfdc0h/2CLvHhZS4TwUmMQrrMbBQ==}
    engines: {node: '>= 0.4.0'}
    dependencies:
      inherits: 2.0.4
    dev: false

  /lt_donthave@2.0.0:
    resolution: {integrity: sha512-qrNtq9faD5ycTM8Of7OUqPHPMv0H8NONf+dTAxUsAr0bAgPnD56BBhhBlskJVNL4WO+Dl/qmqWHF9eQb7+2lNA==}
    engines: {node: '>=12.20.0'}
    dependencies:
      debug: 4.3.4
      unordered-array-remove: 1.0.2
    transitivePeerDependencies:
      - supports-color
    dev: false

  /magnet-uri@7.0.5:
    resolution: {integrity: sha512-Ke+dDiYHK1Rq/ZyGUAgk7NIkoypivxolTj/A0qr60ypP0FjeP+NTUNEhr965HsRan0zGxKEBK73+SsjRyJWkXg==}
    engines: {node: '>=12.20.0'}
    dependencies:
      '@thaunknown/thirty-two': 1.0.3
      bep53-range: 2.0.0
      uint8-util: 2.2.4
    dev: false

  /memory-chunk-store@1.3.5:
    resolution: {integrity: sha512-E1Xc1U4ifk/FkC2ZsWhCaW1xg9HbE/OBmQTLe2Tr9c27YPSLbW7kw1cnb3kQWD1rDtErFJHa7mB9EVrs7aTx9g==}
    dependencies:
      queue-microtask: 1.2.3
    dev: false

  /merge-stream@2.0.0:
    resolution: {integrity: sha512-abv/qOcuPfk3URPfDzmZU1LKmuw8kT+0nIHvKrKgFrwifol/doWcdA4ZqsWQ8ENrFKkd67Mfpo/LovbIUsbt3w==}
    dev: false

  /mime@3.0.0:
    resolution: {integrity: sha512-jSCU7/VB1loIWBZe14aEYHU/+1UMEHoaO7qxCOVJOw9GgH72VAWppxNcjU+x9a2k3GSIBXNKxXQFqRvvZ7vr3A==}
    engines: {node: '>=10.0.0'}
    hasBin: true
    dev: false

  /mimic-fn@2.1.0:
    resolution: {integrity: sha512-OqbOk5oEQeAZ8WXWydlu9HJjz9WVdEIvamMCcXmuqUYjTknH/sqsWvhQ3vgwKFRR1HpjvNBKQ37nbJgYzGqGcg==}
    engines: {node: '>=6'}
    dev: false

  /mimic-response@3.1.0:
    resolution: {integrity: sha512-z0yWI+4FDrrweS8Zmt4Ej5HdJmky15+L2e6Wgn3+iK5fWzb6T3fhNFq2+MeTRb064c6Wr4N/wv0DzQTjNzHNGQ==}
    engines: {node: '>=10'}
    dev: false

  /minimist@1.2.8:
    resolution: {integrity: sha512-2yyAR8qBkN3YuheJanUpWC5U3bb5osDywNB8RzDVlDwDHbocAJveqqj1u8+SVD7jkWT4yvsHCpWqqWqAxb0zCA==}
    dev: false

  /ms@2.1.2:
    resolution: {integrity: sha512-sGkPx+VjMtmA6MX27oA4FBFELFCZZ4S4XqeGOXCv68tT+jb3vk/RyaKWP0PTKyWtmLSM0b+adUTEvbs1PEaH2w==}
    dev: false

  /napi-macros@2.2.2:
    resolution: {integrity: sha512-hmEVtAGYzVQpCKdbQea4skABsdXW4RUh5t5mJ2zzqowJS2OyXZTU1KhDVFhx+NlWZ4ap9mqR9TcDO3LTTttd+g==}
    requiresBuild: true
    dev: false
    optional: true

  /netmask@2.0.2:
    resolution: {integrity: sha512-dBpDMdxv9Irdq66304OLfEmQ9tbNRFnFTuZiLo+bD+r332bBmMJ8GBLXklIXXgxd3+v9+KUnZaUR5PJMa75Gsg==}
    engines: {node: '>= 0.4.0'}
    dev: false

  /node-domexception@1.0.0:
    resolution: {integrity: sha512-/jKZoMpw0F8GRwl4/eLROPA3cfcXtLApP0QzLmUT/HuPCZWyB7IY9ZrMeKw2O/nFIqPQB3PVM9aYm0F312AXDQ==}
    engines: {node: '>=10.5.0'}
    dev: false

  /node-fetch@3.3.2:
    resolution: {integrity: sha512-dRB78srN/l6gqWulah9SrxeYnxeddIG30+GOqK/9OlLVyLg3HPnr6SqOWTWOXKRwC2eGYCkZ59NNuSgvSrpgOA==}
    engines: {node: ^12.20.0 || ^14.13.1 || >=16.0.0}
    dependencies:
      data-uri-to-buffer: 4.0.1
      fetch-blob: 3.2.0
      formdata-polyfill: 4.0.10
    dev: false

  /node-gyp-build@4.6.1:
    resolution: {integrity: sha512-24vnklJmyRS8ViBNI8KbtK/r/DmXQMRiOMXTNz2nrTnAYUwjmEEbnnpB/+kt+yWRv73bPsSPRFddrcIbAxSiMQ==}
    hasBin: true
    requiresBuild: true
    dev: false

  /npm-run-path@4.0.1:
    resolution: {integrity: sha512-S48WzZW777zhNIrn7gxOlISNAqi9ZC/uQFnRdbeIHhZhCA6UqpkOT8T1G7BvfdgP4Er8gF4sUbaS0i7QvIfCWw==}
    engines: {node: '>=8'}
    dependencies:
      path-key: 3.1.1
    dev: false

  /once@1.4.0:
    resolution: {integrity: sha512-lNaJgI+2Q5URQBkccEKHTQOPaXdUxnZZElQTZY0MFUAuaEqe1E+Nyvgdz/aIyNi6Z9MzO5dv1H8n58/GELp3+w==}
    dependencies:
      wrappy: 1.0.2
    dev: false

  /onetime@5.1.2:
    resolution: {integrity: sha512-kbpaSSGJTWdAY5KPVeMOKXSrPtr8C8C7wodJbcsd51jRnmD+GZu8Y0VoU6Dm5Z4vWr0Ig/1NKuWRKf7j5aaYSg==}
    engines: {node: '>=6'}
    dependencies:
      mimic-fn: 2.1.0
    dev: false

  /parse-torrent@11.0.14:
    resolution: {integrity: sha512-/9Yp1FAx5Qd7JX4/0LPiJ73bxVoUgymRDlyB2xAkJ1r9tKrtc1L4Dr024TZDwp1qzDa+oITsYn0i/SbR+fWm4w==}
    engines: {node: '>=12.20.0'}
    hasBin: true
    dependencies:
      bencode: 4.0.0
      cross-fetch-ponyfill: 1.0.3
      get-stdin: 9.0.0
      magnet-uri: 7.0.5
      queue-microtask: 1.2.3
      uint8-util: 2.2.4
    dev: false

  /path-key@3.1.1:
    resolution: {integrity: sha512-ojmeN0qd+y0jszEtoY48r0Peq5dwMEkIlCOu6Q5f41lfkswXuKtYrhgoTpLnyIcHm24Uhqx+5Tqm2InSwLhE6Q==}
    engines: {node: '>=8'}
    dev: false

  /piece-length@2.0.1:
    resolution: {integrity: sha512-dBILiDmm43y0JPISWEmVGKBETQjwJe6mSU9GND+P9KW0SJGUwoU/odyH1nbalOP9i8WSYuqf1lQnaj92Bhw+Ug==}
    dev: false

  /pump@3.0.0:
    resolution: {integrity: sha512-LwZy+p3SFs1Pytd/jYct4wpv49HiYCqd9Rlc5ZVdk0V+8Yzv6jR5Blk3TRmPL1ft69TxP0IMZGJ+WPFU2BFhww==}
    dependencies:
      end-of-stream: 1.4.4
      once: 1.4.0
    dev: false

  /queue-microtask@1.2.3:
    resolution: {integrity: sha512-NuaNSa6flKT5JaSYQzJok04JzTL1CA6aGhv5rfLW3PgqA+M2ChpZQnAC8h8i4ZFkBS8X5RqkDBHA7r4hej3K9A==}
    dev: false

  /queue-tick@1.0.1:
    resolution: {integrity: sha512-kJt5qhMxoszgU/62PLP1CJytzd2NKetjSRnyuj31fDd3Rlcz3fzlFdFLD1SItunPwyqEOkca6GbV612BWfaBag==}
    dev: false

  /random-access-file@4.0.4:
    resolution: {integrity: sha512-1W21gZ8ne3RgPyTNpq8INr7feTY0+hPpV4X59yL9Miv5QiZV7U1QpRb/zEG2IuaojW9qVTeWBC19Ty0m0uqFBg==}
    dependencies:
      random-access-storage: 3.0.1
    optionalDependencies:
      fs-native-extensions: 1.2.3
    dev: false

  /random-access-storage@3.0.1:
    resolution: {integrity: sha512-raFoHJ/orMyur04GKrA+5ThOwhX9wICdqMDLqTM7bHEXPz7zi5MxLsLUaybxGu3b4mJTt8zhCpZHgjlu0x4wpg==}
    dependencies:
      events: 3.3.0
      queue-tick: 1.0.1
    dev: false

  /random-iterate@1.0.1:
    resolution: {integrity: sha512-Jdsdnezu913Ot8qgKgSgs63XkAjEsnMcS1z+cC6D6TNXsUXsMxy0RpclF2pzGZTEiTXL9BiArdGTEexcv4nqcA==}
    dev: false

  /randombytes@2.1.0:
    resolution: {integrity: sha512-vYl3iOX+4CKUWuxGi9Ukhie6fsqXqS9FE2Zaic4tNFD2N2QQaXOMFbuKK4QmDHC0JO6B1Zp41J0LpT0oR68amQ==}
    dependencies:
      safe-buffer: 5.2.1
    dev: false

  /range-parser@1.2.1:
    resolution: {integrity: sha512-Hrgsx+orqoygnmhFbKaHE6c296J+HTAQXoxEF6gNupROmmGJRoyzfG3ccAveqCBrwr/2yxQ5BVd/GTl5agOwSg==}
    engines: {node: '>= 0.6'}
    dev: false

  /rc4@0.1.5:
    resolution: {integrity: sha512-xdDTNV90z5x5u25Oc871Xnvu7yAr4tV7Eluh0VSvrhUkry39q1k+zkz7xroqHbRq+8PiazySHJPArqifUvz9VA==}
    engines: {node: '>=0.10.0'}
    dev: false

  /readable-stream@3.6.2:
    resolution: {integrity: sha512-9u/sniCrY3D5WdsERHzHE4G2YCXqoG5FTHUiCC4SIbr6XcLZBY05ya9EKjYek9O5xOAwjGq+1JdGBAS7Q9ScoA==}
    engines: {node: '>= 6'}
    requiresBuild: true
    dependencies:
      inherits: 2.0.4
      string_decoder: 1.3.0
      util-deprecate: 1.0.2
    dev: false
    optional: true

  /record-cache@1.2.0:
    resolution: {integrity: sha512-kyy3HWCez2WrotaL3O4fTn0rsIdfRKOdQQcEJ9KpvmKmbffKVvwsloX063EgRUlpJIXHiDQFhJcTbZequ2uTZw==}
    dependencies:
      b4a: 1.6.4
    dev: false

  /run-parallel-limit@1.1.0:
    resolution: {integrity: sha512-jJA7irRNM91jaKc3Hcl1npHsFLOXOoTkPCUL1JEa1R82O2miplXXRaGdjW/KM/98YQWDhJLiSs793CnXfblJUw==}
    dependencies:
      queue-microtask: 1.2.3
    dev: false

  /run-parallel@1.2.0:
    resolution: {integrity: sha512-5l4VyZR86LZ/lDxZTR6jqL8AFE2S0IFLMP26AbjsLVADxHdhB/c0GUsH+y39UfCi3dzz8OlQuPmnaJOMoDHQBA==}
    dependencies:
      queue-microtask: 1.2.3
    dev: false

  /run-series@1.1.9:
    resolution: {integrity: sha512-Arc4hUN896vjkqCYrUXquBFtRZdv1PfLbTYP71efP6butxyQ0kWpiNJyAgsxscmQg1cqvHY32/UCBzXedTpU2g==}
    dev: false

  /safe-buffer@5.2.1:
    resolution: {integrity: sha512-rp3So07KcdmmKbGvgaNxQSJr7bGVSVk5S9Eq1F+ppbRo70+YeaDxkw5Dd8NPN+GD6bjnYm2VuPuCXmpuYvmCXQ==}
    dev: false

  /sax@1.2.4:
    resolution: {integrity: sha512-NqVDv9TpANUjFm0N8uM5GxL36UgKi9/atZw+x7YFnQ8ckwFGKrl4xX4yWtrey3UJm5nP1kUbnYgLopqWNSRhWw==}
    dev: false

  /shebang-command@2.0.0:
    resolution: {integrity: sha512-kHxr2zZpYtdmrN1qDjrrX/Z1rR1kG8Dx+gkpK1G4eXmvXswmcE1hTWBWYUzlraYw1/yZp6YuDY77YtvbN0dmDA==}
    engines: {node: '>=8'}
    dependencies:
      shebang-regex: 3.0.0
    dev: false

  /shebang-regex@3.0.0:
    resolution: {integrity: sha512-7++dFhtcx3353uBaq8DDR4NuxBetBzC7ZQOhmTQInHEd6bSrXdiEyzCvG07Z44UYdLShWUyXt5M/yhz8ekcb1A==}
    engines: {node: '>=8'}
    dev: false

  /signal-exit@3.0.7:
    resolution: {integrity: sha512-wnD2ZE+l+SPC/uoS0vXeE9L1+0wuaMqKlfz9AMUo38JsyLSBWSFcHR1Rri62LZc12vLr1gb3jl7iwQhgwpAbGQ==}
    dev: false

  /simple-concat@1.0.1:
    resolution: {integrity: sha512-cSFtAPtRhljv69IK0hTVZQ+OfE9nePi/rtJmw5UjHeVyVroEqJXP1sFztKUy1qU+xvz3u/sfYJLa947b7nAN2Q==}
    dev: false

  /simple-get@4.0.1:
    resolution: {integrity: sha512-brv7p5WgH0jmQJr1ZDDfKDOSeWWg+OVypG99A/5vYGPqJ6pxiaHLy8nxtFjBA7oMa01ebA9gfh1uMCFqOuXxvA==}
    dependencies:
      decompress-response: 6.0.0
      once: 1.4.0
      simple-concat: 1.0.1
    dev: false

  /smart-buffer@4.2.0:
    resolution: {integrity: sha512-94hK0Hh8rPqQl2xXc3HsaBoOXKV20MToPkcXvwbISWLEs+64sBq5kFgn2kJDHb1Pry9yrP0dxrCI9RRci7RXKg==}
    engines: {node: '>= 6.0.0', npm: '>= 3.0.0'}
    dev: false

  /socks@2.7.1:
    resolution: {integrity: sha512-7maUZy1N7uo6+WVEX6psASxtNlKaNVMlGQKkG/63nEDdLOWNbiUMoLK7X4uYoLhQstau72mLgfEWcXcwsaHbYQ==}
    engines: {node: '>= 10.13.0', npm: '>= 3.0.0'}
    dependencies:
      ip: 2.0.0
      smart-buffer: 4.2.0
    dev: false

  /speed-limiter@1.0.2:
    resolution: {integrity: sha512-Ax+TbUOho84bWUc3AKqWtkIvAIVws7d6QI4oJkgH4yQ5Yil+lR3vjd/7qd51dHKGzS5bFxg0++QwyNRN7s6rZA==}
    dependencies:
      limiter: 1.1.5
      streamx: 2.15.1
    dev: false

  /split@1.0.1:
    resolution: {integrity: sha512-mTyOoPbrivtXnwnIxZRFYRrPNtEFKlpB2fvjSnCQUiAA6qAZzqwna5envK4uk6OIeP17CsdF3rSBGYVBsU0Tkg==}
    dependencies:
      through: 2.3.8
    dev: false

  /streamx@2.15.1:
    resolution: {integrity: sha512-fQMzy2O/Q47rgwErk/eGeLu/roaFWV0jVsogDmrszM9uIw8L5OA+t+V93MgYlufNptfjmYR1tOMWhei/Eh7TQA==}
    dependencies:
      fast-fifo: 1.3.2
      queue-tick: 1.0.1
    dev: false

  /string2compact@2.0.1:
    resolution: {integrity: sha512-Bm/T8lHMTRXw+u83LE+OW7fXmC/wM+Mbccfdo533ajSBNxddDHlRrvxE49NdciGHgXkUQM5WYskJ7uTkbBUI0A==}
    engines: {node: '>=12.20.0'}
    dependencies:
      addr-to-ip-port: 2.0.0
      ipaddr.js: 2.1.0
    dev: false

  /string_decoder@1.3.0:
    resolution: {integrity: sha512-hkRX8U1WjJFd8LsDJ2yQ/wWWxaopEsABU1XfkM8A+j0+85JAGppt16cr1Whg6KIbb4okU6Mql6BOj+uup/wKeA==}
    requiresBuild: true
    dependencies:
      safe-buffer: 5.2.1
    dev: false
    optional: true

  /strip-final-newline@2.0.0:
    resolution: {integrity: sha512-BrpvfNAE3dcvq7ll3xVumzjKjZQ5tI1sEUIKr3Uoks0XUl45St3FlatVqef9prk4jRDzhW6WZg+3bk93y6pLjA==}
    engines: {node: '>=6'}
    dev: false

  /strnum@1.0.5:
    resolution: {integrity: sha512-J8bbNyKKXl5qYcR36TIO8W3mVGVHrmmxsd5PAItGkmyzwJvybiw2IVq5nqd0i4LSNSkB/sx9VHllbfFdr9k1JA==}
    dev: false

  /through@2.3.8:
    resolution: {integrity: sha512-w89qg7PI8wAdvX60bMDP+bFoD5Dvhm9oLheFp5O4a2QF0cSBGsBX4qZmadPMvVqlLJBBci+WqGGOAPvcDeNSVg==}
    dev: false

  /throughput@1.0.1:
    resolution: {integrity: sha512-4Mvv5P4xyVz6RM07wS3tGyZ/kPAiKtLeqznq3hK4pxDiTUSyQ5xeFlBiWxflCWexvSnxo2aAfedzKajJqihz4Q==}
    dev: false

  /thunky@1.1.0:
    resolution: {integrity: sha512-eHY7nBftgThBqOyHGVN+l8gF0BucP09fMo0oO/Lb0w1OF80dJv+lDVpXG60WMQvkcxAkNybKsrEIE3ZtKGmPrA==}
    dev: false

  /timeout-refresh@1.0.3:
    resolution: {integrity: sha512-Mz0CX4vBGM5lj8ttbIFt7o4ZMxk/9rgudJRh76EvB7xXZMur7T/cjRiH2w4Fmkq0zxf2QpM8IFvOSRn8FEu3gA==}
    requiresBuild: true
    dev: false
    optional: true

  /torrent-discovery@10.0.16:
    resolution: {integrity: sha512-HUvCgL3JAyk9VKUfFBOD7Fx/MWVNmjiCjaEOEc6P7ijm2BpPWpdjlXydP+/12f/NB3T4ItuyMjcGdPseGGjNTw==}
    engines: {node: '>=12.20.0'}
    dependencies:
      bittorrent-dht: 11.0.5
      bittorrent-lsd: 2.0.0
      bittorrent-tracker: 10.0.12
      debug: 4.3.4
      run-parallel: 1.2.0
    transitivePeerDependencies:
      - supports-color
    dev: false

  /torrent-piece@3.0.0:
    resolution: {integrity: sha512-j0tRX7qq22nIuVFF57Tg/wAvFq79F1eM9pcMxY+b0qCCe7yXJnIrqF+Q5YEJ94tNisDnJzcqDHNrPmD9X/yAIg==}
    engines: {node: '>=12.20.0'}
    dependencies:
      uint8-util: 2.2.4
    dev: false

  /uint8-util@2.2.4:
    resolution: {integrity: sha512-uEI5lLozmKQPYEevfEhP9LY3Je5ZmrQhaWXrzTVqrLNQl36xsRh8NiAxYwB9J+2BAt99TRbmCkROQB2ZKhx4UA==}
    dependencies:
      base64-arraybuffer: 1.0.2
    dev: false

  /unordered-array-remove@1.0.2:
    resolution: {integrity: sha512-45YsfD6svkgaCBNyvD+dFHm4qFX9g3wRSIVgWVPtm2OCnphvPxzJoe20ATsiNpNJrmzHifnxm+BN5F7gFT/4gw==}
    dev: false

  /unordered-set@2.0.1:
    resolution: {integrity: sha512-eUmNTPzdx+q/WvOHW0bgGYLWvWHNT3PTKEQLg0MAQhc0AHASHVHoP/9YytYd4RBVariqno/mEUhVZN98CmD7bg==}
    requiresBuild: true
    dev: false
    optional: true

  /ut_metadata@4.0.3:
    resolution: {integrity: sha512-2tovup0VDYpT8t8+EhhhKBmbgIyiYyJQZ+Hf+/61+SvjuRS2MEeA5CiSARP4q+9/83Wu09OsGrUre/Zv6OI5NA==}
    engines: {node: '>=12.20.0'}
    dependencies:
      bencode: 4.0.0
      bitfield: 4.1.0
      debug: 4.3.4
      uint8-util: 2.2.4
    transitivePeerDependencies:
      - supports-color
    dev: false

  /ut_pex@4.0.4:
    resolution: {integrity: sha512-isVTbp2TKGoMOu+4Zh/i6ijpYr0VG83xjRPgCXaUjKzgXXndjCMWg32/9kZjubD+kxEXcmXMkoS8IttS9FZE8g==}
    engines: {node: '>=12.20.0'}
    dependencies:
      bencode: 4.0.0
      compact2string: 1.4.1
      string2compact: 2.0.1
    dev: false

  /utf-8-validate@5.0.10:
    resolution: {integrity: sha512-Z6czzLq4u8fPOyx7TU6X3dvUZVvoJmxSQ+IcrlmagKhilxlhZgxPK6C5Jqbkw1IDUmFTM+cz9QDnnLTwDz/2gQ==}
    engines: {node: '>=6.14.2'}
    requiresBuild: true
    dependencies:
      node-gyp-build: 4.6.1
    dev: false

  /util-deprecate@1.0.2:
    resolution: {integrity: sha512-EPD5q1uXyFxJpCrLnCc1nHnq3gOa6DZBocAIiI2TaSCA7VCJ1UJDMagCzIkXNsUYfD1daK//LTEQ8xiIbrHtcw==}
    requiresBuild: true
    dev: false
    optional: true

  /utp-native@2.5.3:
    resolution: {integrity: sha512-sWTrWYXPhhWJh+cS2baPzhaZc89zwlWCfwSthUjGhLkZztyPhcQllo+XVVCbNGi7dhyRlxkWxN4NKU6FbA9Y8w==}
    engines: {node: '>=8.12'}
    hasBin: true
    requiresBuild: true
    dependencies:
      napi-macros: 2.2.2
      node-gyp-build: 4.6.1
      readable-stream: 3.6.2
      timeout-refresh: 1.0.3
      unordered-set: 2.0.1
    dev: false
    optional: true

  /web-streams-polyfill@3.2.1:
    resolution: {integrity: sha512-e0MO3wdXWKrLbL0DgGnUV7WHVuw9OUvL4hjgnPkIeEvESk74gAITi5G606JtZPp39cd8HA9VQzCIvA49LpPN5Q==}
    engines: {node: '>= 8'}
    dev: false

  /webtorrent@2.1.25:
    resolution: {integrity: sha512-mk+drIsQTktgNSygYj7fqT6FIWBjZbb2oWulZHumgVGp5tqTKay28ejNpxPKC4zr7nJZDI2F80PSC/i/fYa7aw==}
    engines: {node: '>=14'}
    dependencies:
      '@silentbot1/nat-api': 0.4.7
      '@thaunknown/simple-peer': 9.12.1
      '@webtorrent/http-node': 1.3.0
      addr-to-ip-port: 2.0.0
      bitfield: 4.1.0
      bittorrent-dht: 11.0.5
      bittorrent-protocol: 4.1.11
      cache-chunk-store: 3.2.2
      chunk-store-iterator: 1.0.3
      cpus: 1.0.3
      create-torrent: 6.0.15
      cross-fetch-ponyfill: 1.0.3
      debug: 4.3.4
      escape-html: 1.0.3
      fs-chunk-store: 4.1.0
      hybrid-chunk-store: 1.2.2
      immediate-chunk-store: 2.2.0
      join-async-iterator: 1.1.1
      load-ip-set: 3.0.1
      lt_donthave: 2.0.0
      memory-chunk-store: 1.3.5
      mime: 3.0.0
      once: 1.4.0
      parse-torrent: 11.0.14
      pump: 3.0.0
      queue-microtask: 1.2.3
      random-iterate: 1.0.1
      range-parser: 1.2.1
      run-parallel: 1.2.0
      run-parallel-limit: 1.1.0
      speed-limiter: 1.0.2
      streamx: 2.15.1
      throughput: 1.0.1
      torrent-discovery: 10.0.16
      torrent-piece: 3.0.0
      uint8-util: 2.2.4
      unordered-array-remove: 1.0.2
      ut_metadata: 4.0.3
      ut_pex: 4.0.4
    optionalDependencies:
      utp-native: 2.5.3
    transitivePeerDependencies:
      - supports-color
    dev: false

  /which@2.0.2:
    resolution: {integrity: sha512-BLI3Tl1TW3Pvl70l3yq3Y64i+awpwXqsGBYWkkqMtnbXgrMD+yj7rhW0kuEDxzJaYXGjEW5ogapKNMEKNMjibA==}
    engines: {node: '>= 8'}
    hasBin: true
    dependencies:
      isexe: 2.0.0
    dev: false

  /wrappy@1.0.2:
    resolution: {integrity: sha512-l4Sp/DRseor9wL6EvV2+TuQn63dMkPjZ/sp9XkghTEbV9KlPS1xUsZ3u7/IQO4wxtcFB4bgpQPRcR3QCvezPcQ==}
    dev: false

  /ws@8.14.2(bufferutil@4.0.7)(utf-8-validate@5.0.10):
    resolution: {integrity: sha512-wEBG1ftX4jcglPxgFCMJmZ2PLtSbJ2Peg6TmpJFTbe9GZYOQCDPdMYu/Tm0/bGZkw8paZnJY45J4K2PZrLYq8g==}
    engines: {node: '>=10.0.0'}
    peerDependencies:
      bufferutil: ^4.0.1
      utf-8-validate: '>=5.0.2'
    peerDependenciesMeta:
      bufferutil:
        optional: true
      utf-8-validate:
        optional: true
    dependencies:
      bufferutil: 4.0.7
      utf-8-validate: 5.0.10
    dev: false

  /xml2js@0.6.2:
    resolution: {integrity: sha512-T4rieHaC1EXcES0Kxxj4JWgaUQHDk+qwHcYOCFHfiwKz7tOVPLq7Hjq9dM1WCMhylqMEfP7hMcOIChvotiZegA==}
    engines: {node: '>=4.0.0'}
    dependencies:
      sax: 1.2.4
      xmlbuilder: 11.0.1
    dev: false

  /xmlbuilder@11.0.1:
    resolution: {integrity: sha512-fDlsI/kFEx7gLvbecc0/ohLG50fugQp8ryHzMTuW9vSa1GJ0XYWKnhsUx7oie3G98+r56aTQIUB4kht42R3JvA==}
    engines: {node: '>=4.0'}
    dev: false
